
Microsoft Visual Studio Solution File, Format Version 12.00
# Visual Studio Version 17
VisualStudioVersion = 17.4.33213.308
MinimumVisualStudioVersion = 10.0.40219.1
Project("{FAE04EC0-301F-11D3-BF4B-00C04F79EFBC}") = "BaiTap2_63133655", "BaiTap2_63133655\BaiTap2_63133655.csproj", "{C57ABB7A-3223-4B4C-9253-FD53657D74C3}"
EndProject
Global
	GlobalSection(SolutionConfigurationPlatforms) = preSolution
		Debug|Any CPU = Debug|Any CPU
		Release|Any CPU = Release|Any CPU
	EndGlobalSection
	GlobalSection(ProjectConfigurationPlatforms) = postSolution
		{C57ABB7A-3223-4B4C-9253-FD53657D74C3}.Debug|Any CPU.ActiveCfg = Debug|Any CPU
		{C57ABB7A-3223-4B4C-9253-FD53657D74C3}.Debug|Any CPU.Build.0 = Debug|Any CPU
		{C57ABB7A-3223-4B4C-9253-FD53657D74C3}.Release|Any CPU.ActiveCfg = Release|Any CPU
		{C57ABB7A-3223-4B4C-9253-FD53657D74C3}.Release|Any CPU.Build.0 = Release|Any CPU
	EndGlobalSection
	GlobalSection(SolutionProperties) = preSolution
		HideSolutionNode = FALSE
	EndGlobalSection
	GlobalSection(ExtensibilityGlobals) = postSolution
		SolutionGuid = {11495B63-029E-4F35-9D96-82AFE542D1B6}
	EndGlobalSection
EndGlobal
